<?xml version="1.0" encoding="utf-8"?>
<Project ToolsVersion="4.0" xmlns="http://schemas.microsoft.com/developer/msbuild/2003">
  <ItemGroup>
    <Filter Include="Source Files">
      <UniqueIdentifier>{4FC737F1-C7A5-4376-A066-2A32D752A2FF}</UniqueIdentifier>
      <Extensions>cpp;c;cc;cxx;c++;cppm;ixx;def;odl;idl;hpj;bat;asm;asmx</Extensions>
    </Filter>
    <Filter Include="Header Files">
      <UniqueIdentifier>{93995380-89BD-4b04-88EB-625FBE52EBFB}</UniqueIdentifier>
      <Extensions>h;hh;hpp;hxx;h++;hm;inl;inc;ipp;xsd</Extensions>
    </Filter>
    <Filter Include="Resource Files">
      <UniqueIdentifier>{67DA6AB6-F800-4c08-8B7A-83BB121AAD01}</UniqueIdentifier>
      <Extensions>rc;ico;cur;bmp;dlg;rc2;rct;bin;rgs;gif;jpg;jpeg;jpe;resx;tiff;tif;png;wav;mfcribbon-ms</Extensions>
    </Filter>
    <Filter Include="Source Files\Shader Files">
      <UniqueIdentifier>{a8b5ff39-85c7-4196-b461-819f918ebb58}</UniqueIdentifier>
    </Filter>
  </ItemGroup>
  <ItemGroup>
    <ClCompile Include="main.cpp">
      <Filter>Source Files</Filter>
    </ClCompile>
    <ClCompile Include="Tank.cpp">
      <Filter>Source Files</Filter>
    </ClCompile>
    <ClCompile Include="oldMain.cpp">
      <Filter>Source Files\Shader Files</Filter>
    </ClCompile>
    <ClCompile Include="turret.cpp">
      <Filter>Source Files</Filter>
    </ClCompile>
    <ClCompile Include="globalFunctions.cpp">
      <Filter>Source Files</Filter>
    </ClCompile>
    <ClCompile Include="crosshair.cpp">
      <Filter>Source Files</Filter>
    </ClCompile>
    <ClCompile Include="map.cpp">
      <Filter>Source Files</Filter>
    </ClCompile>
    <ClCompile Include="pauseMenu.cpp">
      <Filter>Source Files</Filter>
    </ClCompile>
    <ClCompile Include="TextRenderer.cpp">
      <Filter>Source Files</Filter>
    </ClCompile>
    <ClCompile Include="explosion.cpp">
      <Filter>Source Files</Filter>
    </ClCompile>
    <ClCompile Include="projectile.cpp">
      <Filter>Source Files</Filter>
    </ClCompile>
    <ClCompile Include="Astar.cpp">
      <Filter>Source Files</Filter>
    </ClCompile>
    <ClCompile Include="healthBar.cpp">
      <Filter>Source Files</Filter>
    </ClCompile>
    <ClCompile Include="levelCompleteMenu.cpp">
      <Filter>Source Files</Filter>
    </ClCompile>
  </ItemGroup>
  <ItemGroup>
    <None Include="packages.config" />
    <None Include="tank.frag">
      <Filter>Source Files\Shader Files</Filter>
    </None>
    <None Include="tank.vert">
      <Filter>Source Files\Shader Files</Filter>
    </None>
    <None Include="textShader.vert">
      <Filter>Source Files\Shader Files</Filter>
    </None>
    <None Include="textShader.frag">
      <Filter>Source Files\Shader Files</Filter>
    </None>
    <None Include="pauseMenu.vert">
      <Filter>Source Files\Shader Files</Filter>
    </None>
    <None Include="pauseMenu.frag">
      <Filter>Source Files\Shader Files</Filter>
    </None>
  </ItemGroup>
  <ItemGroup>
    <ClInclude Include="tank.h">
      <Filter>Header Files</Filter>
    </ClInclude>
    <ClInclude Include="..\..\Teksture\stb_image.h">
      <Filter>Header Files</Filter>
    </ClInclude>
    <ClInclude Include="turret.h">
      <Filter>Header Files</Filter>
    </ClInclude>
    <ClInclude Include="globalFunctions.h">
      <Filter>Header Files</Filter>
    </ClInclude>
    <ClInclude Include="crosshair.h">
      <Filter>Header Files</Filter>
    </ClInclude>
    <ClInclude Include="map.h">
      <Filter>Header Files</Filter>
    </ClInclude>
    <ClInclude Include="Shader.h">
      <Filter>Header Files</Filter>
    </ClInclude>
    <ClInclude Include="pauseMenu.h">
      <Filter>Header Files</Filter>
    </ClInclude>
    <ClInclude Include="TextRenderer.h">
      <Filter>Header Files</Filter>
    </ClInclude>
    <ClInclude Include="explosion.h">
      <Filter>Header Files</Filter>
    </ClInclude>
    <ClInclude Include="projectile.h">
      <Filter>Header Files</Filter>
    </ClInclude>
    <ClInclude Include="Astar.h">
      <Filter>Header Files</Filter>
    </ClInclude>
    <ClInclude Include="healthBar.h">
      <Filter>Header Files</Filter>
    </ClInclude>
    <ClInclude Include="levelCompleteMenu.h">
      <Filter>Header Files</Filter>
    </ClInclude>
  </ItemGroup>
  <ItemGroup>
    <Image Include="tank.png">
      <Filter>Resource Files</Filter>
    </Image>
    <Image Include="turret.png">
      <Filter>Resource Files</Filter>
    </Image>
    <Image Include="grass.jpg">
      <Filter>Resource Files</Filter>
    </Image>
    <Image Include="wall.jpg">
      <Filter>Resource Files</Filter>
    </Image>
    <Image Include="explosion.png">
      <Filter>Resource Files</Filter>
    </Image>
    <Image Include="projectile.png">
      <Filter>Resource Files</Filter>
    </Image>
    <Image Include="bush.png">
      <Filter>Resource Files</Filter>
    </Image>
    <Image Include="tank2.png">
      <Filter>Resource Files</Filter>
    </Image>
    <Image Include="turret2.png">
      <Filter>Resource Files</Filter>
    </Image>
    <Image Include="AP-shell.png">
      <Filter>Resource Files</Filter>
    </Image>
    <Image Include="dust.png">
      <Filter>Resource Files</Filter>
    </Image>
    <Image Include="HE-shell.png">
      <Filter>Resource Files</Filter>
    </Image>
    <Image Include="light-target.png">
      <Filter>Resource Files</Filter>
    </Image>
    <Image Include="floor-bckground.jpg">
      <Filter>Resource Files</Filter>
    </Image>
  </ItemGroup>
  <ItemGroup>
    <Font Include="BRLNSB.TTF">
      <Filter>Resource Files</Filter>
    </Font>
    <Font Include="BRLNSDB.TTF">
      <Filter>Resource Files</Filter>
    </Font>
    <Font Include="BRLNSR.TTF">
      <Filter>Resource Files</Filter>
    </Font>
  </ItemGroup>
  <ItemGroup>
    <Media Include="explosion.mp3">
      <Filter>Resource Files</Filter>
    </Media>
    <Media Include="reload.mp3">
      <Filter>Resource Files</Filter>
    </Media>
    <Media Include="tankFire.mp3">
      <Filter>Resource Files</Filter>
    </Media>
    <Media Include="tankDriving.mp3">
      <Filter>Resource Files</Filter>
    </Media>
    <Media Include="GameBackgroundMusic.mp3">
      <Filter>Resource Files</Filter>
    </Media>
  </ItemGroup>
</Project>